
Microsoft Visual Studio Solution File, Format Version 12.00
# Visual Studio Version 16
VisualStudioVersion = 16.0.32630.194
MinimumVisualStudioVersion = 10.0.40219.1
Project("{8BC9CEB8-8B4A-11D0-8D11-00A0C91BC942}") = "test_12_19", "test_12_19\test_12_19.vcxproj", "{E1352058-2FF1-46B1-A720-8F357A6F4460}"
EndProject
Global
	GlobalSection(SolutionConfigurationPlatforms) = preSolution
		Debug|x64 = Debug|x64
		Debug|x86 = Debug|x86
		Release|x64 = Release|x64
		Release|x86 = Release|x86
	EndGlobalSection
	GlobalSection(ProjectConfigurationPlatforms) = postSolution
		{E1352058-2FF1-46B1-A720-8F357A6F4460}.Debug|x64.ActiveCfg = Debug|x64
		{E1352058-2FF1-46B1-A720-8F357A6F4460}.Debug|x64.Build.0 = Debug|x64
		{E1352058-2FF1-46B1-A720-8F357A6F4460}.Debug|x86.ActiveCfg = Debug|Win32
		{E1352058-2FF1-46B1-A720-8F357A6F4460}.Debug|x86.Build.0 = Debug|Win32
		{E1352058-2FF1-46B1-A720-8F357A6F4460}.Release|x64.ActiveCfg = Release|x64
		{E1352058-2FF1-46B1-A720-8F357A6F4460}.Release|x64.Build.0 = Release|x64
		{E1352058-2FF1-46B1-A720-8F357A6F4460}.Release|x86.ActiveCfg = Release|Win32
		{E1352058-2FF1-46B1-A720-8F357A6F4460}.Release|x86.Build.0 = Release|Win32
	EndGlobalSection
	GlobalSection(SolutionProperties) = preSolution
		HideSolutionNode = FALSE
	EndGlobalSection
	GlobalSection(ExtensibilityGlobals) = postSolution
		SolutionGuid = {EAA4FCCA-1AAA-4975-8FC3-7E3DCF07FC60}
	EndGlobalSection
EndGlobal
