
Microsoft Visual Studio Solution File, Format Version 12.00
# Visual Studio Version 16
VisualStudioVersion = 16.0.32630.194
MinimumVisualStudioVersion = 10.0.40219.1
Project("{8BC9CEB8-8B4A-11D0-8D11-00A0C91BC942}") = "test_11_23", "test_11_23\test_11_23.vcxproj", "{82865BCF-7C53-4217-86C7-A494BD1F6AB0}"
EndProject
Global
	GlobalSection(SolutionConfigurationPlatforms) = preSolution
		Debug|x64 = Debug|x64
		Debug|x86 = Debug|x86
		Release|x64 = Release|x64
		Release|x86 = Release|x86
	EndGlobalSection
	GlobalSection(ProjectConfigurationPlatforms) = postSolution
		{82865BCF-7C53-4217-86C7-A494BD1F6AB0}.Debug|x64.ActiveCfg = Debug|x64
		{82865BCF-7C53-4217-86C7-A494BD1F6AB0}.Debug|x64.Build.0 = Debug|x64
		{82865BCF-7C53-4217-86C7-A494BD1F6AB0}.Debug|x86.ActiveCfg = Debug|Win32
		{82865BCF-7C53-4217-86C7-A494BD1F6AB0}.Debug|x86.Build.0 = Debug|Win32
		{82865BCF-7C53-4217-86C7-A494BD1F6AB0}.Release|x64.ActiveCfg = Release|x64
		{82865BCF-7C53-4217-86C7-A494BD1F6AB0}.Release|x64.Build.0 = Release|x64
		{82865BCF-7C53-4217-86C7-A494BD1F6AB0}.Release|x86.ActiveCfg = Release|Win32
		{82865BCF-7C53-4217-86C7-A494BD1F6AB0}.Release|x86.Build.0 = Release|Win32
	EndGlobalSection
	GlobalSection(SolutionProperties) = preSolution
		HideSolutionNode = FALSE
	EndGlobalSection
	GlobalSection(ExtensibilityGlobals) = postSolution
		SolutionGuid = {4D580F0E-59D8-44E4-AA44-FA57320ABACE}
	EndGlobalSection
EndGlobal
