
Microsoft Visual Studio Solution File, Format Version 12.00
# Visual Studio Version 16
VisualStudioVersion = 16.0.32630.194
MinimumVisualStudioVersion = 10.0.40219.1
Project("{8BC9CEB8-8B4A-11D0-8D11-00A0C91BC942}") = "test_11_12", "test_11_12\test_11_12.vcxproj", "{8A4F7D68-05E8-4721-8533-FB80B06C0C68}"
EndProject
Global
	GlobalSection(SolutionConfigurationPlatforms) = preSolution
		Debug|x64 = Debug|x64
		Debug|x86 = Debug|x86
		Release|x64 = Release|x64
		Release|x86 = Release|x86
	EndGlobalSection
	GlobalSection(ProjectConfigurationPlatforms) = postSolution
		{8A4F7D68-05E8-4721-8533-FB80B06C0C68}.Debug|x64.ActiveCfg = Debug|x64
		{8A4F7D68-05E8-4721-8533-FB80B06C0C68}.Debug|x64.Build.0 = Debug|x64
		{8A4F7D68-05E8-4721-8533-FB80B06C0C68}.Debug|x86.ActiveCfg = Debug|Win32
		{8A4F7D68-05E8-4721-8533-FB80B06C0C68}.Debug|x86.Build.0 = Debug|Win32
		{8A4F7D68-05E8-4721-8533-FB80B06C0C68}.Release|x64.ActiveCfg = Release|x64
		{8A4F7D68-05E8-4721-8533-FB80B06C0C68}.Release|x64.Build.0 = Release|x64
		{8A4F7D68-05E8-4721-8533-FB80B06C0C68}.Release|x86.ActiveCfg = Release|Win32
		{8A4F7D68-05E8-4721-8533-FB80B06C0C68}.Release|x86.Build.0 = Release|Win32
	EndGlobalSection
	GlobalSection(SolutionProperties) = preSolution
		HideSolutionNode = FALSE
	EndGlobalSection
	GlobalSection(ExtensibilityGlobals) = postSolution
		SolutionGuid = {924E8E5F-2138-4AE4-8433-6C993821DD9B}
	EndGlobalSection
EndGlobal
